
Microsoft Visual Studio Solution File, Format Version 12.00
Project("{FAE04EC0-301F-11D3-BF4B-00C04F79EFBC}") = "onmov200", "onmov200\onmov200.csproj", "{889A0444-B82B-4AB6-B3D5-5ADCC8D57710}"
EndProject
Project("{FAE04EC0-301F-11D3-BF4B-00C04F79EFBC}") = "ByteReader", "ByteReader\ByteReader.csproj", "{88CA8F4D-22B1-4D03-AC2E-D06DDEA3A4B2}"
EndProject
Project("{FAE04EC0-301F-11D3-BF4B-00C04F79EFBC}") = "Program", "Program\Program.csproj", "{9B732C45-54F0-4B9D-8263-3AB952C70B07}"
EndProject
Project("{FAE04EC0-301F-11D3-BF4B-00C04F79EFBC}") = "OnMov200UI", "OnMov200UI\OnMov200UI.csproj", "{0A54C5EF-AA40-47B3-A793-AA7DD03BB269}"
EndProject
Global
	GlobalSection(SolutionConfigurationPlatforms) = preSolution
		Debug|Any CPU = Debug|Any CPU
		Release|Any CPU = Release|Any CPU
	EndGlobalSection
	GlobalSection(ProjectConfigurationPlatforms) = postSolution
		{889A0444-B82B-4AB6-B3D5-5ADCC8D57710}.Debug|Any CPU.ActiveCfg = Debug|Any CPU
		{889A0444-B82B-4AB6-B3D5-5ADCC8D57710}.Debug|Any CPU.Build.0 = Debug|Any CPU
		{889A0444-B82B-4AB6-B3D5-5ADCC8D57710}.Release|Any CPU.ActiveCfg = Release|Any CPU
		{889A0444-B82B-4AB6-B3D5-5ADCC8D57710}.Release|Any CPU.Build.0 = Release|Any CPU
		{88CA8F4D-22B1-4D03-AC2E-D06DDEA3A4B2}.Debug|Any CPU.ActiveCfg = Debug|Any CPU
		{88CA8F4D-22B1-4D03-AC2E-D06DDEA3A4B2}.Debug|Any CPU.Build.0 = Debug|Any CPU
		{88CA8F4D-22B1-4D03-AC2E-D06DDEA3A4B2}.Release|Any CPU.ActiveCfg = Release|Any CPU
		{88CA8F4D-22B1-4D03-AC2E-D06DDEA3A4B2}.Release|Any CPU.Build.0 = Release|Any CPU
		{9B732C45-54F0-4B9D-8263-3AB952C70B07}.Debug|Any CPU.ActiveCfg = Debug|Any CPU
		{9B732C45-54F0-4B9D-8263-3AB952C70B07}.Debug|Any CPU.Build.0 = Debug|Any CPU
		{9B732C45-54F0-4B9D-8263-3AB952C70B07}.Release|Any CPU.ActiveCfg = Release|Any CPU
		{9B732C45-54F0-4B9D-8263-3AB952C70B07}.Release|Any CPU.Build.0 = Release|Any CPU
		{0A54C5EF-AA40-47B3-A793-AA7DD03BB269}.Debug|Any CPU.ActiveCfg = Debug|Any CPU
		{0A54C5EF-AA40-47B3-A793-AA7DD03BB269}.Debug|Any CPU.Build.0 = Debug|Any CPU
		{0A54C5EF-AA40-47B3-A793-AA7DD03BB269}.Release|Any CPU.ActiveCfg = Release|Any CPU
		{0A54C5EF-AA40-47B3-A793-AA7DD03BB269}.Release|Any CPU.Build.0 = Release|Any CPU
	EndGlobalSection
EndGlobal
